
Microsoft Visual Studio Solution File, Format Version 12.00
# Visual Studio Version 17
VisualStudioVersion = 17.2.32630.192
MinimumVisualStudioVersion = 10.0.40219.1
Project("{FAE04EC0-301F-11D3-BF4B-00C04F79EFBC}") = "Sinema_bufe_satis", "Sinema_bufe_satis\Sinema_bufe_satis.csproj", "{835991C7-61BE-411C-A932-2DD7B58627E7}"
EndProject
Global
	GlobalSection(SolutionConfigurationPlatforms) = preSolution
		Debug|Any CPU = Debug|Any CPU
		Release|Any CPU = Release|Any CPU
	EndGlobalSection
	GlobalSection(ProjectConfigurationPlatforms) = postSolution
		{835991C7-61BE-411C-A932-2DD7B58627E7}.Debug|Any CPU.ActiveCfg = Debug|Any CPU
		{835991C7-61BE-411C-A932-2DD7B58627E7}.Debug|Any CPU.Build.0 = Debug|Any CPU
		{835991C7-61BE-411C-A932-2DD7B58627E7}.Release|Any CPU.ActiveCfg = Release|Any CPU
		{835991C7-61BE-411C-A932-2DD7B58627E7}.Release|Any CPU.Build.0 = Release|Any CPU
	EndGlobalSection
	GlobalSection(SolutionProperties) = preSolution
		HideSolutionNode = FALSE
	EndGlobalSection
	GlobalSection(ExtensibilityGlobals) = postSolution
		SolutionGuid = {1DEE7FF0-ADCE-49C1-9240-9B638E7EC6C9}
	EndGlobalSection
EndGlobal
